
Microsoft Visual Studio Solution File, Format Version 12.00
# Visual Studio 15
VisualStudioVersion = 15.0.27130.2003
MinimumVisualStudioVersion = 10.0.40219.1
Project("{262852C6-CD72-467D-83FE-5EEB1973A190}") = "TestProject3", "TestProject3.jsproj", "{BB178129-6850-460F-90A4-DEE2664020BF}"
EndProject
Global
	GlobalSection(SolutionConfigurationPlatforms) = preSolution
		Debug|Android = Debug|Android
		Debug|iOS = Debug|iOS
		Debug|Windows-ARM = Debug|Windows-ARM
		Debug|Windows-x64 = Debug|Windows-x64
		Debug|Windows-x86 = Debug|Windows-x86
		Release|Android = Release|Android
		Release|iOS = Release|iOS
		Release|Windows-ARM = Release|Windows-ARM
		Release|Windows-x64 = Release|Windows-x64
		Release|Windows-x86 = Release|Windows-x86
	EndGlobalSection
	GlobalSection(ProjectConfigurationPlatforms) = postSolution
		{BB178129-6850-460F-90A4-DEE2664020BF}.Debug|Android.ActiveCfg = Debug|Android
		{BB178129-6850-460F-90A4-DEE2664020BF}.Debug|Android.Build.0 = Debug|Android
		{BB178129-6850-460F-90A4-DEE2664020BF}.Debug|Android.Deploy.0 = Debug|Android
		{BB178129-6850-460F-90A4-DEE2664020BF}.Debug|iOS.ActiveCfg = Debug|iOS
		{BB178129-6850-460F-90A4-DEE2664020BF}.Debug|iOS.Build.0 = Debug|iOS
		{BB178129-6850-460F-90A4-DEE2664020BF}.Debug|iOS.Deploy.0 = Debug|iOS
		{BB178129-6850-460F-90A4-DEE2664020BF}.Debug|Windows-ARM.ActiveCfg = Debug|Windows-ARM
		{BB178129-6850-460F-90A4-DEE2664020BF}.Debug|Windows-ARM.Build.0 = Debug|Windows-ARM
		{BB178129-6850-460F-90A4-DEE2664020BF}.Debug|Windows-ARM.Deploy.0 = Debug|Windows-ARM
		{BB178129-6850-460F-90A4-DEE2664020BF}.Debug|Windows-x64.ActiveCfg = Debug|Windows-x64
		{BB178129-6850-460F-90A4-DEE2664020BF}.Debug|Windows-x64.Build.0 = Debug|Windows-x64
		{BB178129-6850-460F-90A4-DEE2664020BF}.Debug|Windows-x64.Deploy.0 = Debug|Windows-x64
		{BB178129-6850-460F-90A4-DEE2664020BF}.Debug|Windows-x86.ActiveCfg = Debug|Windows-x86
		{BB178129-6850-460F-90A4-DEE2664020BF}.Debug|Windows-x86.Build.0 = Debug|Windows-x86
		{BB178129-6850-460F-90A4-DEE2664020BF}.Debug|Windows-x86.Deploy.0 = Debug|Windows-x86
		{BB178129-6850-460F-90A4-DEE2664020BF}.Release|Android.ActiveCfg = Release|Android
		{BB178129-6850-460F-90A4-DEE2664020BF}.Release|Android.Build.0 = Release|Android
		{BB178129-6850-460F-90A4-DEE2664020BF}.Release|Android.Deploy.0 = Release|Android
		{BB178129-6850-460F-90A4-DEE2664020BF}.Release|iOS.ActiveCfg = Release|iOS
		{BB178129-6850-460F-90A4-DEE2664020BF}.Release|iOS.Build.0 = Release|iOS
		{BB178129-6850-460F-90A4-DEE2664020BF}.Release|iOS.Deploy.0 = Release|iOS
		{BB178129-6850-460F-90A4-DEE2664020BF}.Release|Windows-ARM.ActiveCfg = Release|Windows-ARM
		{BB178129-6850-460F-90A4-DEE2664020BF}.Release|Windows-ARM.Build.0 = Release|Windows-ARM
		{BB178129-6850-460F-90A4-DEE2664020BF}.Release|Windows-ARM.Deploy.0 = Release|Windows-ARM
		{BB178129-6850-460F-90A4-DEE2664020BF}.Release|Windows-x64.ActiveCfg = Release|Windows-x64
		{BB178129-6850-460F-90A4-DEE2664020BF}.Release|Windows-x64.Build.0 = Release|Windows-x64
		{BB178129-6850-460F-90A4-DEE2664020BF}.Release|Windows-x64.Deploy.0 = Release|Windows-x64
		{BB178129-6850-460F-90A4-DEE2664020BF}.Release|Windows-x86.ActiveCfg = Release|Windows-x86
		{BB178129-6850-460F-90A4-DEE2664020BF}.Release|Windows-x86.Build.0 = Release|Windows-x86
		{BB178129-6850-460F-90A4-DEE2664020BF}.Release|Windows-x86.Deploy.0 = Release|Windows-x86
	EndGlobalSection
	GlobalSection(SolutionProperties) = preSolution
		HideSolutionNode = FALSE
	EndGlobalSection
	GlobalSection(ExtensibilityGlobals) = postSolution
		SolutionGuid = {4A251A95-E5A6-45EB-B0F6-76D5A67510CD}
	EndGlobalSection
EndGlobal
